
Microsoft Visual Studio Solution File, Format Version 12.00
# Visual Studio Version 17
VisualStudioVersion = 17.5.002.0
MinimumVisualStudioVersion = 10.0.40219.1
Project("{9A19103F-16F7-4668-BE54-9A1E7A4F7556}") = "FundamentosC#", "FundamentosC#.csproj", "{3BA9A734-EF45-45BD-91A7-4F439DE4EB63}"
EndProject
Global
	GlobalSection(SolutionConfigurationPlatforms) = preSolution
		Debug|Any CPU = Debug|Any CPU
		Release|Any CPU = Release|Any CPU
	EndGlobalSection
	GlobalSection(ProjectConfigurationPlatforms) = postSolution
		{3BA9A734-EF45-45BD-91A7-4F439DE4EB63}.Debug|Any CPU.ActiveCfg = Debug|Any CPU
		{3BA9A734-EF45-45BD-91A7-4F439DE4EB63}.Debug|Any CPU.Build.0 = Debug|Any CPU
		{3BA9A734-EF45-45BD-91A7-4F439DE4EB63}.Release|Any CPU.ActiveCfg = Release|Any CPU
		{3BA9A734-EF45-45BD-91A7-4F439DE4EB63}.Release|Any CPU.Build.0 = Release|Any CPU
	EndGlobalSection
	GlobalSection(SolutionProperties) = preSolution
		HideSolutionNode = FALSE
	EndGlobalSection
	GlobalSection(ExtensibilityGlobals) = postSolution
		SolutionGuid = {96178007-B29B-4F2D-8D4C-842522E25D13}
	EndGlobalSection
EndGlobal
